
Microsoft Visual Studio Solution File, Format Version 12.00
# Visual Studio Version 16
VisualStudioVersion = 16.0.31229.75
MinimumVisualStudioVersion = 10.0.40219.1
Project("{2150E333-8FDC-42A3-9474-1A3956D46DE8}") = "Application", "Application", "{F027D23C-5F38-43A3-ABA5-2AF707AB44E0}"
EndProject
Project("{9A19103F-16F7-4668-BE54-9A1E7A4F7556}") = "LibraryAPI", "Application\LibraryAPI\LibraryAPI.csproj", "{09E787FE-C6E7-447D-9135-B95F037FD355}"
EndProject
Project("{2150E333-8FDC-42A3-9474-1A3956D46DE8}") = "Database", "Database", "{16BDF26A-DFB2-46CD-9B1D-3C031892AE5B}"
EndProject
Project("{9A19103F-16F7-4668-BE54-9A1E7A4F7556}") = "LibraryAPI.Database", "Database\LibraryAPI.Database\LibraryAPI.Database.csproj", "{2A780738-5E61-46BD-A08B-4B9FF5933857}"
EndProject
Project("{9A19103F-16F7-4668-BE54-9A1E7A4F7556}") = "LibraryAPI.Database.Models", "Database\LibraryAPI.Database.Models\LibraryAPI.Database.Models.csproj", "{ED6EC9FD-ED6F-4614-B231-2387952220AD}"
EndProject
Project("{9A19103F-16F7-4668-BE54-9A1E7A4F7556}") = "LibraryAPI.Services", "Application\LibraryAPI.Services\LibraryAPI.Services.csproj", "{237F5B94-09DD-42D1-BB7A-C4B0F35AC096}"
EndProject
Project("{9A19103F-16F7-4668-BE54-9A1E7A4F7556}") = "LibraryAPI.DTOs", "Application\LibraryAPI.DTOs\LibraryAPI.DTOs.csproj", "{C8DD566A-B459-4C4A-9C37-EA947BA805F6}"
EndProject
Global
	GlobalSection(SolutionConfigurationPlatforms) = preSolution
		Debug|Any CPU = Debug|Any CPU
		Release|Any CPU = Release|Any CPU
	EndGlobalSection
	GlobalSection(ProjectConfigurationPlatforms) = postSolution
		{09E787FE-C6E7-447D-9135-B95F037FD355}.Debug|Any CPU.ActiveCfg = Debug|Any CPU
		{09E787FE-C6E7-447D-9135-B95F037FD355}.Debug|Any CPU.Build.0 = Debug|Any CPU
		{09E787FE-C6E7-447D-9135-B95F037FD355}.Release|Any CPU.ActiveCfg = Release|Any CPU
		{09E787FE-C6E7-447D-9135-B95F037FD355}.Release|Any CPU.Build.0 = Release|Any CPU
		{2A780738-5E61-46BD-A08B-4B9FF5933857}.Debug|Any CPU.ActiveCfg = Debug|Any CPU
		{2A780738-5E61-46BD-A08B-4B9FF5933857}.Debug|Any CPU.Build.0 = Debug|Any CPU
		{2A780738-5E61-46BD-A08B-4B9FF5933857}.Release|Any CPU.ActiveCfg = Release|Any CPU
		{2A780738-5E61-46BD-A08B-4B9FF5933857}.Release|Any CPU.Build.0 = Release|Any CPU
		{ED6EC9FD-ED6F-4614-B231-2387952220AD}.Debug|Any CPU.ActiveCfg = Debug|Any CPU
		{ED6EC9FD-ED6F-4614-B231-2387952220AD}.Debug|Any CPU.Build.0 = Debug|Any CPU
		{ED6EC9FD-ED6F-4614-B231-2387952220AD}.Release|Any CPU.ActiveCfg = Release|Any CPU
		{ED6EC9FD-ED6F-4614-B231-2387952220AD}.Release|Any CPU.Build.0 = Release|Any CPU
		{237F5B94-09DD-42D1-BB7A-C4B0F35AC096}.Debug|Any CPU.ActiveCfg = Debug|Any CPU
		{237F5B94-09DD-42D1-BB7A-C4B0F35AC096}.Debug|Any CPU.Build.0 = Debug|Any CPU
		{237F5B94-09DD-42D1-BB7A-C4B0F35AC096}.Release|Any CPU.ActiveCfg = Release|Any CPU
		{237F5B94-09DD-42D1-BB7A-C4B0F35AC096}.Release|Any CPU.Build.0 = Release|Any CPU
		{C8DD566A-B459-4C4A-9C37-EA947BA805F6}.Debug|Any CPU.ActiveCfg = Debug|Any CPU
		{C8DD566A-B459-4C4A-9C37-EA947BA805F6}.Debug|Any CPU.Build.0 = Debug|Any CPU
		{C8DD566A-B459-4C4A-9C37-EA947BA805F6}.Release|Any CPU.ActiveCfg = Release|Any CPU
		{C8DD566A-B459-4C4A-9C37-EA947BA805F6}.Release|Any CPU.Build.0 = Release|Any CPU
	EndGlobalSection
	GlobalSection(SolutionProperties) = preSolution
		HideSolutionNode = FALSE
	EndGlobalSection
	GlobalSection(NestedProjects) = preSolution
		{09E787FE-C6E7-447D-9135-B95F037FD355} = {F027D23C-5F38-43A3-ABA5-2AF707AB44E0}
		{2A780738-5E61-46BD-A08B-4B9FF5933857} = {16BDF26A-DFB2-46CD-9B1D-3C031892AE5B}
		{ED6EC9FD-ED6F-4614-B231-2387952220AD} = {16BDF26A-DFB2-46CD-9B1D-3C031892AE5B}
		{237F5B94-09DD-42D1-BB7A-C4B0F35AC096} = {F027D23C-5F38-43A3-ABA5-2AF707AB44E0}
		{C8DD566A-B459-4C4A-9C37-EA947BA805F6} = {F027D23C-5F38-43A3-ABA5-2AF707AB44E0}
	EndGlobalSection
	GlobalSection(ExtensibilityGlobals) = postSolution
		SolutionGuid = {08C50E24-1798-4DF6-BC91-66A8BC930E19}
	EndGlobalSection
EndGlobal
